
Microsoft Visual Studio Solution File, Format Version 12.00
# Visual Studio Version 17
VisualStudioVersion = 17.11.35222.181
MinimumVisualStudioVersion = 10.0.40219.1
Project("{FAE04EC0-301F-11D3-BF4B-00C04F79EFBC}") = "OOP_PİZZAOTOMASYONU", "OOP_PİZZAOTOMASYONU\OOP_PİZZAOTOMASYONU.csproj", "{7C4A305F-5947-4C78-97C4-B8B34A1C7244}"
EndProject
Global
	GlobalSection(SolutionConfigurationPlatforms) = preSolution
		Debug|Any CPU = Debug|Any CPU
		Release|Any CPU = Release|Any CPU
	EndGlobalSection
	GlobalSection(ProjectConfigurationPlatforms) = postSolution
		{7C4A305F-5947-4C78-97C4-B8B34A1C7244}.Debug|Any CPU.ActiveCfg = Debug|Any CPU
		{7C4A305F-5947-4C78-97C4-B8B34A1C7244}.Debug|Any CPU.Build.0 = Debug|Any CPU
		{7C4A305F-5947-4C78-97C4-B8B34A1C7244}.Release|Any CPU.ActiveCfg = Release|Any CPU
		{7C4A305F-5947-4C78-97C4-B8B34A1C7244}.Release|Any CPU.Build.0 = Release|Any CPU
	EndGlobalSection
	GlobalSection(SolutionProperties) = preSolution
		HideSolutionNode = FALSE
	EndGlobalSection
	GlobalSection(ExtensibilityGlobals) = postSolution
		SolutionGuid = {60A94E34-A27C-47E6-8809-684377DF3DDF}
	EndGlobalSection
EndGlobal
